
Microsoft Visual Studio Solution File, Format Version 12.00
# Visual Studio Version 17
VisualStudioVersion = 17.0.32014.148
MinimumVisualStudioVersion = 10.0.40219.1
Project("{F2A71F9B-5D33-465A-A702-920D77279786}") = "TP F Sharp", "TP F Sharp.fsproj", "{32F187BF-A4A6-4583-BAC4-23E5DE99BE8B}"
EndProject
Global
	GlobalSection(SolutionConfigurationPlatforms) = preSolution
		Debug|Any CPU = Debug|Any CPU
		Release|Any CPU = Release|Any CPU
	EndGlobalSection
	GlobalSection(ProjectConfigurationPlatforms) = postSolution
		{32F187BF-A4A6-4583-BAC4-23E5DE99BE8B}.Debug|Any CPU.ActiveCfg = Debug|Any CPU
		{32F187BF-A4A6-4583-BAC4-23E5DE99BE8B}.Debug|Any CPU.Build.0 = Debug|Any CPU
		{32F187BF-A4A6-4583-BAC4-23E5DE99BE8B}.Release|Any CPU.ActiveCfg = Release|Any CPU
		{32F187BF-A4A6-4583-BAC4-23E5DE99BE8B}.Release|Any CPU.Build.0 = Release|Any CPU
	EndGlobalSection
	GlobalSection(SolutionProperties) = preSolution
		HideSolutionNode = FALSE
	EndGlobalSection
	GlobalSection(ExtensibilityGlobals) = postSolution
		SolutionGuid = {7FFBC9BA-DE0C-4723-ABB3-5815FB24F303}
	EndGlobalSection
EndGlobal
